
Microsoft Visual Studio Solution File, Format Version 12.00
# Visual Studio Version 17
VisualStudioVersion = 17.14.36408.4 d17.14
MinimumVisualStudioVersion = 10.0.40219.1
Project("{FAE04EC0-301F-11D3-BF4B-00C04F79EFBC}") = "SetSum", "SetSum\SetSum.csproj", "{B869857D-A444-4364-ABFA-B4513F69742B}"
EndProject
Global
	GlobalSection(SolutionConfigurationPlatforms) = preSolution
		Debug|Any CPU = Debug|Any CPU
		Release|Any CPU = Release|Any CPU
	EndGlobalSection
	GlobalSection(ProjectConfigurationPlatforms) = postSolution
		{B869857D-A444-4364-ABFA-B4513F69742B}.Debug|Any CPU.ActiveCfg = Debug|Any CPU
		{B869857D-A444-4364-ABFA-B4513F69742B}.Debug|Any CPU.Build.0 = Debug|Any CPU
		{B869857D-A444-4364-ABFA-B4513F69742B}.Release|Any CPU.ActiveCfg = Release|Any CPU
		{B869857D-A444-4364-ABFA-B4513F69742B}.Release|Any CPU.Build.0 = Release|Any CPU
	EndGlobalSection
	GlobalSection(SolutionProperties) = preSolution
		HideSolutionNode = FALSE
	EndGlobalSection
	GlobalSection(ExtensibilityGlobals) = postSolution
		SolutionGuid = {5D334FDB-0DA7-431D-AA3E-7712BD166781}
	EndGlobalSection
EndGlobal
